// !$*UTF8*$!
{
	archiveVersion = 1;
	classes = {
	};
	objectVersion = 55;
	objects = {

/* Begin PBXBuildFile section */
		E03D944A2A5F56B900FE25EA /* theme.swift in Sources */ = {isa = PBXBuildFile; fileRef = E03D94492A5F56B900FE25EA /* theme.swift */; };
		E03D944F2A5F58A100FE25EA /* ColorStyle.swift in Sources */ = {isa = PBXBuildFile; fileRef = E03D944E2A5F58A100FE25EA /* ColorStyle.swift */; };
		E03D945F2A60B67F00FE25EA /* tokens.swift in Sources */ = {isa = PBXBuildFile; fileRef = E03D945E2A60B67F00FE25EA /* tokens.swift */; };
		E0809F122A5E494F004C81E9 /* dls_framework.docc in Sources */ = {isa = PBXBuildFile; fileRef = E0809F112A5E494F004C81E9 /* dls_framework.docc */; };
		E0809F182A5E494F004C81E9 /* dls_framework.framework in Frameworks */ = {isa = PBXBuildFile; fileRef = E0809F0D2A5E494F004C81E9 /* dls_framework.framework */; };
		E0809F1D2A5E494F004C81E9 /* dls_frameworkTests.swift in Sources */ = {isa = PBXBuildFile; fileRef = E0809F1C2A5E494F004C81E9 /* dls_frameworkTests.swift */; };
		E0809F1E2A5E494F004C81E9 /* dls_framework.h in Headers */ = {isa = PBXBuildFile; fileRef = E0809F102A5E494F004C81E9 /* dls_framework.h */; settings = {ATTRIBUTES = (Public, ); }; };
		E0809F312A5E5177004C81E9 /* Extensions in Resources */ = {isa = PBXBuildFile; fileRef = E0809F302A5E5177004C81E9 /* Extensions */; };
		E0809F362A5E51D4004C81E9 /* Colour.swift in Sources */ = {isa = PBXBuildFile; fileRef = E0809F352A5E51D4004C81E9 /* Colour.swift */; };
		E0809F372A5E5208004C81E9 /* Constants.swift in Sources */ = {isa = PBXBuildFile; fileRef = E0809F332A5E5184004C81E9 /* Constants.swift */; };
		E0809F382A5E520A004C81E9 /* UserDefaultsutils.swift in Sources */ = {isa = PBXBuildFile; fileRef = E0809F342A5E5184004C81E9 /* UserDefaultsutils.swift */; };
/* End PBXBuildFile section */

/* Begin PBXContainerItemProxy section */
		E0809F192A5E494F004C81E9 /* PBXContainerItemProxy */ = {
			isa = PBXContainerItemProxy;
			containerPortal = E0809F042A5E494F004C81E9 /* Project object */;
			proxyType = 1;
			remoteGlobalIDString = E0809F0C2A5E494F004C81E9;
			remoteInfo = "dls-framework";
		};
/* End PBXContainerItemProxy section */

/* Begin PBXFileReference section */
		E03D94492A5F56B900FE25EA /* theme.swift */ = {isa = PBXFileReference; lastKnownFileType = sourcecode.swift; path = theme.swift; sourceTree = "<group>"; };
		E03D944E2A5F58A100FE25EA /* ColorStyle.swift */ = {isa = PBXFileReference; lastKnownFileType = sourcecode.swift; path = ColorStyle.swift; sourceTree = "<group>"; };
		E03D945E2A60B67F00FE25EA /* tokens.swift */ = {isa = PBXFileReference; lastKnownFileType = sourcecode.swift; path = tokens.swift; sourceTree = "<group>"; };
		E0809F0D2A5E494F004C81E9 /* dls_framework.framework */ = {isa = PBXFileReference; explicitFileType = wrapper.framework; includeInIndex = 0; path = dls_framework.framework; sourceTree = BUILT_PRODUCTS_DIR; };
		E0809F102A5E494F004C81E9 /* dls_framework.h */ = {isa = PBXFileReference; lastKnownFileType = sourcecode.c.h; path = dls_framework.h; sourceTree = "<group>"; };
		E0809F112A5E494F004C81E9 /* dls_framework.docc */ = {isa = PBXFileReference; lastKnownFileType = folder.documentationcatalog; path = dls_framework.docc; sourceTree = "<group>"; };
		E0809F172A5E494F004C81E9 /* dls-frameworkTests.xctest */ = {isa = PBXFileReference; explicitFileType = wrapper.cfbundle; includeInIndex = 0; path = "dls-frameworkTests.xctest"; sourceTree = BUILT_PRODUCTS_DIR; };
		E0809F1C2A5E494F004C81E9 /* dls_frameworkTests.swift */ = {isa = PBXFileReference; lastKnownFileType = sourcecode.swift; path = dls_frameworkTests.swift; sourceTree = "<group>"; };
		E0809F302A5E5177004C81E9 /* Extensions */ = {isa = PBXFileReference; lastKnownFileType = folder; path = Extensions; sourceTree = "<group>"; };
		E0809F332A5E5184004C81E9 /* Constants.swift */ = {isa = PBXFileReference; lastKnownFileType = sourcecode.swift; path = Constants.swift; sourceTree = "<group>"; };
		E0809F342A5E5184004C81E9 /* UserDefaultsutils.swift */ = {isa = PBXFileReference; lastKnownFileType = sourcecode.swift; path = UserDefaultsutils.swift; sourceTree = "<group>"; };
		E0809F352A5E51D4004C81E9 /* Colour.swift */ = {isa = PBXFileReference; lastKnownFileType = sourcecode.swift; path = Colour.swift; sourceTree = "<group>"; };
/* End PBXFileReference section */

/* Begin PBXFrameworksBuildPhase section */
		E0809F0A2A5E494F004C81E9 /* Frameworks */ = {
			isa = PBXFrameworksBuildPhase;
			buildActionMask = 2147483647;
			files = (
			);
			runOnlyForDeploymentPostprocessing = 0;
		};
		E0809F142A5E494F004C81E9 /* Frameworks */ = {
			isa = PBXFrameworksBuildPhase;
			buildActionMask = 2147483647;
			files = (
				E0809F182A5E494F004C81E9 /* dls_framework.framework in Frameworks */,
			);
			runOnlyForDeploymentPostprocessing = 0;
		};
/* End PBXFrameworksBuildPhase section */

/* Begin PBXGroup section */
		E03D944D2A5F587600FE25EA /* Colors */ = {
			isa = PBXGroup;
			children = (
				E03D944E2A5F58A100FE25EA /* ColorStyle.swift */,
			);
			path = Colors;
			sourceTree = "<group>";
		};
		E03D945D2A60B66700FE25EA /* tokens */ = {
			isa = PBXGroup;
			children = (
				E03D945E2A60B67F00FE25EA /* tokens.swift */,
			);
			path = tokens;
			sourceTree = "<group>";
		};
		E0809F032A5E494F004C81E9 = {
			isa = PBXGroup;
			children = (
				E0809F0F2A5E494F004C81E9 /* dls-framework */,
				E0809F1B2A5E494F004C81E9 /* dls-frameworkTests */,
				E0809F0E2A5E494F004C81E9 /* Products */,
			);
			sourceTree = "<group>";
		};
		E0809F0E2A5E494F004C81E9 /* Products */ = {
			isa = PBXGroup;
			children = (
				E0809F0D2A5E494F004C81E9 /* dls_framework.framework */,
				E0809F172A5E494F004C81E9 /* dls-frameworkTests.xctest */,
			);
			name = Products;
			sourceTree = "<group>";
		};
		E0809F0F2A5E494F004C81E9 /* dls-framework */ = {
			isa = PBXGroup;
			children = (
				E03D945D2A60B66700FE25EA /* tokens */,
				E03D944D2A5F587600FE25EA /* Colors */,
				E0809F352A5E51D4004C81E9 /* Colour.swift */,
				E0809F342A5E5184004C81E9 /* UserDefaultsutils.swift */,
				E0809F332A5E5184004C81E9 /* Constants.swift */,
				E0809F322A5E5184004C81E9 /* Utils */,
				E0809F302A5E5177004C81E9 /* Extensions */,
				E0809F102A5E494F004C81E9 /* dls_framework.h */,
				E0809F112A5E494F004C81E9 /* dls_framework.docc */,
				E03D94492A5F56B900FE25EA /* theme.swift */,
			);
			path = "dls-framework";
			sourceTree = "<group>";
		};
		E0809F1B2A5E494F004C81E9 /* dls-frameworkTests */ = {
			isa = PBXGroup;
			children = (
				E0809F1C2A5E494F004C81E9 /* dls_frameworkTests.swift */,
			);
			path = "dls-frameworkTests";
			sourceTree = "<group>";
		};
		E0809F322A5E5184004C81E9 /* Utils */ = {
			isa = PBXGroup;
			children = (
			);
			path = Utils;
			sourceTree = "<group>";
		};
/* End PBXGroup section */

/* Begin PBXHeadersBuildPhase section */
		E0809F082A5E494F004C81E9 /* Headers */ = {
			isa = PBXHeadersBuildPhase;
			buildActionMask = 2147483647;
			files = (
				E0809F1E2A5E494F004C81E9 /* dls_framework.h in Headers */,
			);
			runOnlyForDeploymentPostprocessing = 0;
		};
/* End PBXHeadersBuildPhase section */

/* Begin PBXNativeTarget section */
		E0809F0C2A5E494F004C81E9 /* dls-framework */ = {
			isa = PBXNativeTarget;
			buildConfigurationList = E0809F212A5E494F004C81E9 /* Build configuration list for PBXNativeTarget "dls-framework" */;
			buildPhases = (
				E0809F082A5E494F004C81E9 /* Headers */,
				E0809F092A5E494F004C81E9 /* Sources */,
				E0809F0A2A5E494F004C81E9 /* Frameworks */,
				E0809F0B2A5E494F004C81E9 /* Resources */,
			);
			buildRules = (
			);
			dependencies = (
			);
			name = "dls-framework";
			productName = "dls-framework";
			productReference = E0809F0D2A5E494F004C81E9 /* dls_framework.framework */;
			productType = "com.apple.product-type.framework";
		};
		E0809F162A5E494F004C81E9 /* dls-frameworkTests */ = {
			isa = PBXNativeTarget;
			buildConfigurationList = E0809F242A5E494F004C81E9 /* Build configuration list for PBXNativeTarget "dls-frameworkTests" */;
			buildPhases = (
				E0809F132A5E494F004C81E9 /* Sources */,
				E0809F142A5E494F004C81E9 /* Frameworks */,
				E0809F152A5E494F004C81E9 /* Resources */,
			);
			buildRules = (
			);
			dependencies = (
				E0809F1A2A5E494F004C81E9 /* PBXTargetDependency */,
			);
			name = "dls-frameworkTests";
			productName = "dls-frameworkTests";
			productReference = E0809F172A5E494F004C81E9 /* dls-frameworkTests.xctest */;
			productType = "com.apple.product-type.bundle.unit-test";
		};
/* End PBXNativeTarget section */

/* Begin PBXProject section */
		E0809F042A5E494F004C81E9 /* Project object */ = {
			isa = PBXProject;
			attributes = {
				BuildIndependentTargetsInParallel = 1;
				LastSwiftUpdateCheck = 1340;
				LastUpgradeCheck = 1340;
				TargetAttributes = {
					E0809F0C2A5E494F004C81E9 = {
						CreatedOnToolsVersion = 13.4.1;
					};
					E0809F162A5E494F004C81E9 = {
						CreatedOnToolsVersion = 13.4.1;
					};
				};
			};
			buildConfigurationList = E0809F072A5E494F004C81E9 /* Build configuration list for PBXProject "dls-framework" */;
			compatibilityVersion = "Xcode 13.0";
			developmentRegion = en;
			hasScannedForEncodings = 0;
			knownRegions = (
				en,
				Base,
			);
			mainGroup = E0809F032A5E494F004C81E9;
			productRefGroup = E0809F0E2A5E494F004C81E9 /* Products */;
			projectDirPath = "";
			projectRoot = "";
			targets = (
				E0809F0C2A5E494F004C81E9 /* dls-framework */,
				E0809F162A5E494F004C81E9 /* dls-frameworkTests */,
			);
		};
/* End PBXProject section */

/* Begin PBXResourcesBuildPhase section */
		E0809F0B2A5E494F004C81E9 /* Resources */ = {
			isa = PBXResourcesBuildPhase;
			buildActionMask = 2147483647;
			files = (
				E0809F312A5E5177004C81E9 /* Extensions in Resources */,
			);
			runOnlyForDeploymentPostprocessing = 0;
		};
		E0809F152A5E494F004C81E9 /* Resources */ = {
			isa = PBXResourcesBuildPhase;
			buildActionMask = 2147483647;
			files = (
			);
			runOnlyForDeploymentPostprocessing = 0;
		};
/* End PBXResourcesBuildPhase section */

/* Begin PBXSourcesBuildPhase section */
		E0809F092A5E494F004C81E9 /* Sources */ = {
			isa = PBXSourcesBuildPhase;
			buildActionMask = 2147483647;
			files = (
				E03D945F2A60B67F00FE25EA /* tokens.swift in Sources */,
				E0809F122A5E494F004C81E9 /* dls_framework.docc in Sources */,
				E0809F362A5E51D4004C81E9 /* Colour.swift in Sources */,
				E03D944A2A5F56B900FE25EA /* theme.swift in Sources */,
				E03D944F2A5F58A100FE25EA /* ColorStyle.swift in Sources */,
				E0809F382A5E520A004C81E9 /* UserDefaultsutils.swift in Sources */,
				E0809F372A5E5208004C81E9 /* Constants.swift in Sources */,
			);
			runOnlyForDeploymentPostprocessing = 0;
		};
		E0809F132A5E494F004C81E9 /* Sources */ = {
			isa = PBXSourcesBuildPhase;
			buildActionMask = 2147483647;
			files = (
				E0809F1D2A5E494F004C81E9 /* dls_frameworkTests.swift in Sources */,
			);
			runOnlyForDeploymentPostprocessing = 0;
		};
/* End PBXSourcesBuildPhase section */

/* Begin PBXTargetDependency section */
		E0809F1A2A5E494F004C81E9 /* PBXTargetDependency */ = {
			isa = PBXTargetDependency;
			target = E0809F0C2A5E494F004C81E9 /* dls-framework */;
			targetProxy = E0809F192A5E494F004C81E9 /* PBXContainerItemProxy */;
		};
/* End PBXTargetDependency section */

/* Begin XCBuildConfiguration section */
		E0809F1F2A5E494F004C81E9 /* Debug */ = {
			isa = XCBuildConfiguration;
			buildSettings = {
				ALWAYS_SEARCH_USER_PATHS = NO;
				CLANG_ANALYZER_NONNULL = YES;
				CLANG_ANALYZER_NUMBER_OBJECT_CONVERSION = YES_AGGRESSIVE;
				CLANG_CXX_LANGUAGE_STANDARD = "gnu++17";
				CLANG_ENABLE_MODULES = YES;
				CLANG_ENABLE_OBJC_ARC = YES;
				CLANG_ENABLE_OBJC_WEAK = YES;
				CLANG_WARN_BLOCK_CAPTURE_AUTORELEASING = YES;
				CLANG_WARN_BOOL_CONVERSION = YES;
				CLANG_WARN_COMMA = YES;
				CLANG_WARN_CONSTANT_CONVERSION = YES;
				CLANG_WARN_DEPRECATED_OBJC_IMPLEMENTATIONS = YES;
				CLANG_WARN_DIRECT_OBJC_ISA_USAGE = YES_ERROR;
				CLANG_WARN_DOCUMENTATION_COMMENTS = YES;
				CLANG_WARN_EMPTY_BODY = YES;
				CLANG_WARN_ENUM_CONVERSION = YES;
				CLANG_WARN_INFINITE_RECURSION = YES;
				CLANG_WARN_INT_CONVERSION = YES;
				CLANG_WARN_NON_LITERAL_NULL_CONVERSION = YES;
				CLANG_WARN_OBJC_IMPLICIT_RETAIN_SELF = YES;
				CLANG_WARN_OBJC_LITERAL_CONVERSION = YES;
				CLANG_WARN_OBJC_ROOT_CLASS = YES_ERROR;
				CLANG_WARN_QUOTED_INCLUDE_IN_FRAMEWORK_HEADER = YES;
				CLANG_WARN_RANGE_LOOP_ANALYSIS = YES;
				CLANG_WARN_STRICT_PROTOTYPES = YES;
				CLANG_WARN_SUSPICIOUS_MOVE = YES;
				CLANG_WARN_UNGUARDED_AVAILABILITY = YES_AGGRESSIVE;
				CLANG_WARN_UNREACHABLE_CODE = YES;
				CLANG_WARN__DUPLICATE_METHOD_MATCH = YES;
				COPY_PHASE_STRIP = NO;
				CURRENT_PROJECT_VERSION = 1;
				DEBUG_INFORMATION_FORMAT = dwarf;
				ENABLE_STRICT_OBJC_MSGSEND = YES;
				ENABLE_TESTABILITY = YES;
				GCC_C_LANGUAGE_STANDARD = gnu11;
				GCC_DYNAMIC_NO_PIC = NO;
				GCC_NO_COMMON_BLOCKS = YES;
				GCC_OPTIMIZATION_LEVEL = 0;
				GCC_PREPROCESSOR_DEFINITIONS = (
					"DEBUG=1",
					"$(inherited)",
				);
				GCC_WARN_64_TO_32_BIT_CONVERSION = YES;
				GCC_WARN_ABOUT_RETURN_TYPE = YES_ERROR;
				GCC_WARN_UNDECLARED_SELECTOR = YES;
				GCC_WARN_UNINITIALIZED_AUTOS = YES_AGGRESSIVE;
				GCC_WARN_UNUSED_FUNCTION = YES;
				GCC_WARN_UNUSED_VARIABLE = YES;
				IPHONEOS_DEPLOYMENT_TARGET = 15.5;
				MTL_ENABLE_DEBUG_INFO = INCLUDE_SOURCE;
				MTL_FAST_MATH = YES;
				ONLY_ACTIVE_ARCH = YES;
				SDKROOT = iphoneos;
				SWIFT_ACTIVE_COMPILATION_CONDITIONS = DEBUG;
				SWIFT_OPTIMIZATION_LEVEL = "-Onone";
				VERSIONING_SYSTEM = "apple-generic";
				VERSION_INFO_PREFIX = "";
			};
			name = Debug;
		};
		E0809F202A5E494F004C81E9 /* Release */ = {
			isa = XCBuildConfiguration;
			buildSettings = {
				ALWAYS_SEARCH_USER_PATHS = NO;
				CLANG_ANALYZER_NONNULL = YES;
				CLANG_ANALYZER_NUMBER_OBJECT_CONVERSION = YES_AGGRESSIVE;
				CLANG_CXX_LANGUAGE_STANDARD = "gnu++17";
				CLANG_ENABLE_MODULES = YES;
				CLANG_ENABLE_OBJC_ARC = YES;
				CLANG_ENABLE_OBJC_WEAK = YES;
				CLANG_WARN_BLOCK_CAPTURE_AUTORELEASING = YES;
				CLANG_WARN_BOOL_CONVERSION = YES;
				CLANG_WARN_COMMA = YES;
				CLANG_WARN_CONSTANT_CONVERSION = YES;
				CLANG_WARN_DEPRECATED_OBJC_IMPLEMENTATIONS = YES;
				CLANG_WARN_DIRECT_OBJC_ISA_USAGE = YES_ERROR;
				CLANG_WARN_DOCUMENTATION_COMMENTS = YES;
				CLANG_WARN_EMPTY_BODY = YES;
				CLANG_WARN_ENUM_CONVERSION = YES;
				CLANG_WARN_INFINITE_RECURSION = YES;
				CLANG_WARN_INT_CONVERSION = YES;
				CLANG_WARN_NON_LITERAL_NULL_CONVERSION = YES;
				CLANG_WARN_OBJC_IMPLICIT_RETAIN_SELF = YES;
				CLANG_WARN_OBJC_LITERAL_CONVERSION = YES;
				CLANG_WARN_OBJC_ROOT_CLASS = YES_ERROR;
				CLANG_WARN_QUOTED_INCLUDE_IN_FRAMEWORK_HEADER = YES;
				CLANG_WARN_RANGE_LOOP_ANALYSIS = YES;
				CLANG_WARN_STRICT_PROTOTYPES = YES;
				CLANG_WARN_SUSPICIOUS_MOVE = YES;
				CLANG_WARN_UNGUARDED_AVAILABILITY = YES_AGGRESSIVE;
				CLANG_WARN_UNREACHABLE_CODE = YES;
				CLANG_WARN__DUPLICATE_METHOD_MATCH = YES;
				COPY_PHASE_STRIP = NO;
				CURRENT_PROJECT_VERSION = 1;
				DEBUG_INFORMATION_FORMAT = "dwarf-with-dsym";
				ENABLE_NS_ASSERTIONS = NO;
				ENABLE_STRICT_OBJC_MSGSEND = YES;
				GCC_C_LANGUAGE_STANDARD = gnu11;
				GCC_NO_COMMON_BLOCKS = YES;
				GCC_WARN_64_TO_32_BIT_CONVERSION = YES;
				GCC_WARN_ABOUT_RETURN_TYPE = YES_ERROR;
				GCC_WARN_UNDECLARED_SELECTOR = YES;
				GCC_WARN_UNINITIALIZED_AUTOS = YES_AGGRESSIVE;
				GCC_WARN_UNUSED_FUNCTION = YES;
				GCC_WARN_UNUSED_VARIABLE = YES;
				IPHONEOS_DEPLOYMENT_TARGET = 15.5;
				MTL_ENABLE_DEBUG_INFO = NO;
				MTL_FAST_MATH = YES;
				SDKROOT = iphoneos;
				SWIFT_COMPILATION_MODE = wholemodule;
				SWIFT_OPTIMIZATION_LEVEL = "-O";
				VALIDATE_PRODUCT = YES;
				VERSIONING_SYSTEM = "apple-generic";
				VERSION_INFO_PREFIX = "";
			};
			name = Release;
		};
		E0809F222A5E494F004C81E9 /* Debug */ = {
			isa = XCBuildConfiguration;
			buildSettings = {
				CODE_SIGN_STYLE = Automatic;
				CURRENT_PROJECT_VERSION = 1;
				DEFINES_MODULE = YES;
				DYLIB_COMPATIBILITY_VERSION = 1;
				DYLIB_CURRENT_VERSION = 1;
				DYLIB_INSTALL_NAME_BASE = "@rpath";
				GENERATE_INFOPLIST_FILE = YES;
				INFOPLIST_KEY_NSHumanReadableCopyright = "";
				INSTALL_PATH = "$(LOCAL_LIBRARY_DIR)/Frameworks";
				LD_RUNPATH_SEARCH_PATHS = (
					"$(inherited)",
					"@executable_path/Frameworks",
					"@loader_path/Frameworks",
				);
				MARKETING_VERSION = 1.0;
				PRODUCT_BUNDLE_IDENTIFIER = "test.dls-framework";
				PRODUCT_NAME = "$(TARGET_NAME:c99extidentifier)";
				SKIP_INSTALL = YES;
				SWIFT_EMIT_LOC_STRINGS = YES;
				SWIFT_VERSION = 5.0;
				TARGETED_DEVICE_FAMILY = "1,2";
			};
			name = Debug;
		};
		E0809F232A5E494F004C81E9 /* Release */ = {
			isa = XCBuildConfiguration;
			buildSettings = {
				CODE_SIGN_STYLE = Automatic;
				CURRENT_PROJECT_VERSION = 1;
				DEFINES_MODULE = YES;
				DYLIB_COMPATIBILITY_VERSION = 1;
				DYLIB_CURRENT_VERSION = 1;
				DYLIB_INSTALL_NAME_BASE = "@rpath";
				GENERATE_INFOPLIST_FILE = YES;
				INFOPLIST_KEY_NSHumanReadableCopyright = "";
				INSTALL_PATH = "$(LOCAL_LIBRARY_DIR)/Frameworks";
				LD_RUNPATH_SEARCH_PATHS = (
					"$(inherited)",
					"@executable_path/Frameworks",
					"@loader_path/Frameworks",
				);
				MARKETING_VERSION = 1.0;
				PRODUCT_BUNDLE_IDENTIFIER = "test.dls-framework";
				PRODUCT_NAME = "$(TARGET_NAME:c99extidentifier)";
				SKIP_INSTALL = YES;
				SWIFT_EMIT_LOC_STRINGS = YES;
				SWIFT_VERSION = 5.0;
				TARGETED_DEVICE_FAMILY = "1,2";
			};
			name = Release;
		};
		E0809F252A5E494F004C81E9 /* Debug */ = {
			isa = XCBuildConfiguration;
			buildSettings = {
				ALWAYS_EMBED_SWIFT_STANDARD_LIBRARIES = YES;
				CODE_SIGN_STYLE = Automatic;
				CURRENT_PROJECT_VERSION = 1;
				GENERATE_INFOPLIST_FILE = YES;
				MARKETING_VERSION = 1.0;
				PRODUCT_BUNDLE_IDENTIFIER = "test.dls-frameworkTests";
				PRODUCT_NAME = "$(TARGET_NAME)";
				SWIFT_EMIT_LOC_STRINGS = NO;
				SWIFT_VERSION = 5.0;
				TARGETED_DEVICE_FAMILY = "1,2";
			};
			name = Debug;
		};
		E0809F262A5E494F004C81E9 /* Release */ = {
			isa = XCBuildConfiguration;
			buildSettings = {
				ALWAYS_EMBED_SWIFT_STANDARD_LIBRARIES = YES;
				CODE_SIGN_STYLE = Automatic;
				CURRENT_PROJECT_VERSION = 1;
				GENERATE_INFOPLIST_FILE = YES;
				MARKETING_VERSION = 1.0;
				PRODUCT_BUNDLE_IDENTIFIER = "test.dls-frameworkTests";
				PRODUCT_NAME = "$(TARGET_NAME)";
				SWIFT_EMIT_LOC_STRINGS = NO;
				SWIFT_VERSION = 5.0;
				TARGETED_DEVICE_FAMILY = "1,2";
			};
			name = Release;
		};
/* End XCBuildConfiguration section */

/* Begin XCConfigurationList section */
		E0809F072A5E494F004C81E9 /* Build configuration list for PBXProject "dls-framework" */ = {
			isa = XCConfigurationList;
			buildConfigurations = (
				E0809F1F2A5E494F004C81E9 /* Debug */,
				E0809F202A5E494F004C81E9 /* Release */,
			);
			defaultConfigurationIsVisible = 0;
			defaultConfigurationName = Release;
		};
		E0809F212A5E494F004C81E9 /* Build configuration list for PBXNativeTarget "dls-framework" */ = {
			isa = XCConfigurationList;
			buildConfigurations = (
				E0809F222A5E494F004C81E9 /* Debug */,
				E0809F232A5E494F004C81E9 /* Release */,
			);
			defaultConfigurationIsVisible = 0;
			defaultConfigurationName = Release;
		};
		E0809F242A5E494F004C81E9 /* Build configuration list for PBXNativeTarget "dls-frameworkTests" */ = {
			isa = XCConfigurationList;
			buildConfigurations = (
				E0809F252A5E494F004C81E9 /* Debug */,
				E0809F262A5E494F004C81E9 /* Release */,
			);
			defaultConfigurationIsVisible = 0;
			defaultConfigurationName = Release;
		};
/* End XCConfigurationList section */
	};
	rootObject = E0809F042A5E494F004C81E9 /* Project object */;
}
